
Microsoft Visual Studio Solution File, Format Version 12.00
# Visual Studio Version 16
VisualStudioVersion = 16.0.32929.386
MinimumVisualStudioVersion = 10.0.40219.1
Project("{FAE04EC0-301F-11D3-BF4B-00C04F79EFBC}") = "tehatava9", "tehatava9\tehatava9.csproj", "{50DB0263-699A-4674-A920-F535C9CB8F2A}"
EndProject
Global
	GlobalSection(SolutionConfigurationPlatforms) = preSolution
		Debug|Any CPU = Debug|Any CPU
		Release|Any CPU = Release|Any CPU
	EndGlobalSection
	GlobalSection(ProjectConfigurationPlatforms) = postSolution
		{50DB0263-699A-4674-A920-F535C9CB8F2A}.Debug|Any CPU.ActiveCfg = Debug|Any CPU
		{50DB0263-699A-4674-A920-F535C9CB8F2A}.Debug|Any CPU.Build.0 = Debug|Any CPU
		{50DB0263-699A-4674-A920-F535C9CB8F2A}.Release|Any CPU.ActiveCfg = Release|Any CPU
		{50DB0263-699A-4674-A920-F535C9CB8F2A}.Release|Any CPU.Build.0 = Release|Any CPU
	EndGlobalSection
	GlobalSection(SolutionProperties) = preSolution
		HideSolutionNode = FALSE
	EndGlobalSection
	GlobalSection(ExtensibilityGlobals) = postSolution
		SolutionGuid = {CBE8A511-CD1D-4414-A5F2-7BFEFA39DB58}
	EndGlobalSection
EndGlobal
